
Microsoft Visual Studio Solution File, Format Version 12.00
# Visual Studio Version 16
VisualStudioVersion = 16.0.31424.327
MinimumVisualStudioVersion = 10.0.40219.1
Project("{FAE04EC0-301F-11D3-BF4B-00C04F79EFBC}") = "Unsafe Code. stackalloc", "Unsafe Code. stackalloc\Unsafe Code. stackalloc.csproj", "{6454EB23-5636-4D91-826D-304224BBD7A6}"
EndProject
Global
	GlobalSection(SolutionConfigurationPlatforms) = preSolution
		Debug|Any CPU = Debug|Any CPU
		Release|Any CPU = Release|Any CPU
	EndGlobalSection
	GlobalSection(ProjectConfigurationPlatforms) = postSolution
		{6454EB23-5636-4D91-826D-304224BBD7A6}.Debug|Any CPU.ActiveCfg = Debug|Any CPU
		{6454EB23-5636-4D91-826D-304224BBD7A6}.Debug|Any CPU.Build.0 = Debug|Any CPU
		{6454EB23-5636-4D91-826D-304224BBD7A6}.Release|Any CPU.ActiveCfg = Release|Any CPU
		{6454EB23-5636-4D91-826D-304224BBD7A6}.Release|Any CPU.Build.0 = Release|Any CPU
	EndGlobalSection
	GlobalSection(SolutionProperties) = preSolution
		HideSolutionNode = FALSE
	EndGlobalSection
	GlobalSection(ExtensibilityGlobals) = postSolution
		SolutionGuid = {578D0423-9844-4FB6-83A4-0C8F240EE2F9}
	EndGlobalSection
EndGlobal
