
Microsoft Visual Studio Solution File, Format Version 12.00
# Visual Studio Version 16
VisualStudioVersion = 16.0.31019.35
MinimumVisualStudioVersion = 10.0.40219.1
Project("{FAE04EC0-301F-11D3-BF4B-00C04F79EFBC}") = "LinqToObject", "LinqToObject\LinqToObject.csproj", "{BB7FE0D2-9B9E-42F4-AEE2-97C56DF6489E}"
EndProject
Global
	GlobalSection(SolutionConfigurationPlatforms) = preSolution
		Debug|Any CPU = Debug|Any CPU
		Release|Any CPU = Release|Any CPU
	EndGlobalSection
	GlobalSection(ProjectConfigurationPlatforms) = postSolution
		{BB7FE0D2-9B9E-42F4-AEE2-97C56DF6489E}.Debug|Any CPU.ActiveCfg = Debug|Any CPU
		{BB7FE0D2-9B9E-42F4-AEE2-97C56DF6489E}.Debug|Any CPU.Build.0 = Debug|Any CPU
		{BB7FE0D2-9B9E-42F4-AEE2-97C56DF6489E}.Release|Any CPU.ActiveCfg = Release|Any CPU
		{BB7FE0D2-9B9E-42F4-AEE2-97C56DF6489E}.Release|Any CPU.Build.0 = Release|Any CPU
	EndGlobalSection
	GlobalSection(SolutionProperties) = preSolution
		HideSolutionNode = FALSE
	EndGlobalSection
	GlobalSection(ExtensibilityGlobals) = postSolution
		SolutionGuid = {AEE7F9D7-8816-4636-A304-1AF2C4257270}
	EndGlobalSection
EndGlobal
